
Microsoft Visual Studio Solution File, Format Version 12.00
# Visual Studio Version 17
VisualStudioVersion = 17.14.36212.18 d17.14
MinimumVisualStudioVersion = 10.0.40219.1
Project("{FAE04EC0-301F-11D3-BF4B-00C04F79EFBC}") = "CompilerPhase1", "CompilerPhase1.csproj", "{4F5CDE43-32DD-480C-A167-0A585A6EEC1D}"
EndProject
Global
	GlobalSection(SolutionConfigurationPlatforms) = preSolution
		Debug|Any CPU = Debug|Any CPU
		Release|Any CPU = Release|Any CPU
	EndGlobalSection
	GlobalSection(ProjectConfigurationPlatforms) = postSolution
		{4F5CDE43-32DD-480C-A167-0A585A6EEC1D}.Debug|Any CPU.ActiveCfg = Debug|Any CPU
		{4F5CDE43-32DD-480C-A167-0A585A6EEC1D}.Debug|Any CPU.Build.0 = Debug|Any CPU
		{4F5CDE43-32DD-480C-A167-0A585A6EEC1D}.Release|Any CPU.ActiveCfg = Release|Any CPU
		{4F5CDE43-32DD-480C-A167-0A585A6EEC1D}.Release|Any CPU.Build.0 = Release|Any CPU
	EndGlobalSection
	GlobalSection(SolutionProperties) = preSolution
		HideSolutionNode = FALSE
	EndGlobalSection
	GlobalSection(ExtensibilityGlobals) = postSolution
		SolutionGuid = {FF74179B-525D-4031-9CCD-7910F6004E6E}
	EndGlobalSection
EndGlobal
